
Microsoft Visual Studio Solution File, Format Version 12.00
# Visual Studio Version 16
VisualStudioVersion = 16.0.29306.81
MinimumVisualStudioVersion = 10.0.40219.1
Project("{FAE04EC0-301F-11D3-BF4B-00C04F79EFBC}") = "Cadastro", "Cadastro\Cadastro.csproj", "{BD31B467-1A7E-4DC6-8A9D-CF3DFBD1F63E}"
EndProject
Global
	GlobalSection(SolutionConfigurationPlatforms) = preSolution
		Debug|Any CPU = Debug|Any CPU
		Release|Any CPU = Release|Any CPU
	EndGlobalSection
	GlobalSection(ProjectConfigurationPlatforms) = postSolution
		{BD31B467-1A7E-4DC6-8A9D-CF3DFBD1F63E}.Debug|Any CPU.ActiveCfg = Debug|Any CPU
		{BD31B467-1A7E-4DC6-8A9D-CF3DFBD1F63E}.Debug|Any CPU.Build.0 = Debug|Any CPU
		{BD31B467-1A7E-4DC6-8A9D-CF3DFBD1F63E}.Release|Any CPU.ActiveCfg = Release|Any CPU
		{BD31B467-1A7E-4DC6-8A9D-CF3DFBD1F63E}.Release|Any CPU.Build.0 = Release|Any CPU
	EndGlobalSection
	GlobalSection(SolutionProperties) = preSolution
		HideSolutionNode = FALSE
	EndGlobalSection
	GlobalSection(ExtensibilityGlobals) = postSolution
		SolutionGuid = {85A6A718-D21F-4E8E-893F-AE80C0841B54}
	EndGlobalSection
EndGlobal
